
Microsoft Visual Studio Solution File, Format Version 12.00
# Visual Studio Version 16
VisualStudioVersion = 16.0.30204.135
MinimumVisualStudioVersion = 10.0.40219.1
Project("{FAE04EC0-301F-11D3-BF4B-00C04F79EFBC}") = "WpfExam", "WpfExam\WpfExam.csproj", "{1BCC892C-462A-4D0D-AAAB-2B6E6DB68EBE}"
EndProject
Global
	GlobalSection(SolutionConfigurationPlatforms) = preSolution
		Debug|Any CPU = Debug|Any CPU
		Release|Any CPU = Release|Any CPU
	EndGlobalSection
	GlobalSection(ProjectConfigurationPlatforms) = postSolution
		{1BCC892C-462A-4D0D-AAAB-2B6E6DB68EBE}.Debug|Any CPU.ActiveCfg = Debug|Any CPU
		{1BCC892C-462A-4D0D-AAAB-2B6E6DB68EBE}.Debug|Any CPU.Build.0 = Debug|Any CPU
		{1BCC892C-462A-4D0D-AAAB-2B6E6DB68EBE}.Release|Any CPU.ActiveCfg = Release|Any CPU
		{1BCC892C-462A-4D0D-AAAB-2B6E6DB68EBE}.Release|Any CPU.Build.0 = Release|Any CPU
	EndGlobalSection
	GlobalSection(SolutionProperties) = preSolution
		HideSolutionNode = FALSE
	EndGlobalSection
	GlobalSection(ExtensibilityGlobals) = postSolution
		SolutionGuid = {9BEFCACC-14D7-4212-AB21-7DFFBE9B8588}
	EndGlobalSection
EndGlobal
